Microsoft Visual Studio Solution File, Format Version 12.00
# Visual Studio Version 17
VisualStudioVersion = 17.5.2.0
MinimumVisualStudioVersion = 10.0.40219.1
Project("{FAE04EC0-301F-11D3-BF4B-00C04F79EFBC}") = "API-for-working-with-a-Telegram-bot", "API-for-working-with-a-Telegram-bot.csproj", "{2629EE3B-54F4-1631-6E41-3205653587A8}"
EndProject
Project("{FAE04EC0-301F-11D3-BF4B-00C04F79EFBC}") = "TelegramBotAPI", "TelegramBotAPI\TelegramBotAPI.csproj", "{98C14E57-F390-D387-106B-372AA95CB6B8}"
EndProject
Global
	GlobalSection(SolutionConfigurationPlatforms) = preSolution
		Debug|Any CPU = Debug|Any CPU
		Release|Any CPU = Release|Any CPU
	EndGlobalSection
	GlobalSection(ProjectConfigurationPlatforms) = postSolution
		{2629EE3B-54F4-1631-6E41-3205653587A8}.Debug|Any CPU.ActiveCfg = Debug|Any CPU
		{2629EE3B-54F4-1631-6E41-3205653587A8}.Debug|Any CPU.Build.0 = Debug|Any CPU
		{2629EE3B-54F4-1631-6E41-3205653587A8}.Release|Any CPU.ActiveCfg = Release|Any CPU
		{2629EE3B-54F4-1631-6E41-3205653587A8}.Release|Any CPU.Build.0 = Release|Any CPU
		{98C14E57-F390-D387-106B-372AA95CB6B8}.Debug|Any CPU.ActiveCfg = Debug|Any CPU
		{98C14E57-F390-D387-106B-372AA95CB6B8}.Debug|Any CPU.Build.0 = Debug|Any CPU
		{98C14E57-F390-D387-106B-372AA95CB6B8}.Release|Any CPU.ActiveCfg = Release|Any CPU
		{98C14E57-F390-D387-106B-372AA95CB6B8}.Release|Any CPU.Build.0 = Release|Any CPU
	EndGlobalSection
	GlobalSection(SolutionProperties) = preSolution
		HideSolutionNode = FALSE
	EndGlobalSection
	GlobalSection(ExtensibilityGlobals) = postSolution
		SolutionGuid = {7D3CA514-E3A7-4530-A9F9-06EB78864451}
	EndGlobalSection
EndGlobal
